
Microsoft Visual Studio Solution File, Format Version 12.00
# Visual Studio Version 16
VisualStudioVersion = 16.0.30709.64
MinimumVisualStudioVersion = 10.0.40219.1
Project("{9A19103F-16F7-4668-BE54-9A1E7A4F7556}") = "IATA.AIDX", "src\IATA.AIDX\IATA.AIDX.csproj", "{F9640C43-0B7D-46D5-A511-114FFE165771}"
EndProject
Project("{9A19103F-16F7-4668-BE54-9A1E7A4F7556}") = "Iata.Aidx.UnitTests", "tests\Iata.Aidx.UnitTests\Iata.Aidx.UnitTests.csproj", "{6287833F-AFF3-4EF5-BD2D-D9718410A61D}"
EndProject
Global
	GlobalSection(SolutionConfigurationPlatforms) = preSolution
		Debug|Any CPU = Debug|Any CPU
		Release|Any CPU = Release|Any CPU
	EndGlobalSection
	GlobalSection(ProjectConfigurationPlatforms) = postSolution
		{F9640C43-0B7D-46D5-A511-114FFE165771}.Debug|Any CPU.ActiveCfg = Debug|Any CPU
		{F9640C43-0B7D-46D5-A511-114FFE165771}.Debug|Any CPU.Build.0 = Debug|Any CPU
		{F9640C43-0B7D-46D5-A511-114FFE165771}.Release|Any CPU.ActiveCfg = Release|Any CPU
		{F9640C43-0B7D-46D5-A511-114FFE165771}.Release|Any CPU.Build.0 = Release|Any CPU
		{6287833F-AFF3-4EF5-BD2D-D9718410A61D}.Debug|Any CPU.ActiveCfg = Debug|Any CPU
		{6287833F-AFF3-4EF5-BD2D-D9718410A61D}.Debug|Any CPU.Build.0 = Debug|Any CPU
		{6287833F-AFF3-4EF5-BD2D-D9718410A61D}.Release|Any CPU.ActiveCfg = Release|Any CPU
		{6287833F-AFF3-4EF5-BD2D-D9718410A61D}.Release|Any CPU.Build.0 = Release|Any CPU
	EndGlobalSection
	GlobalSection(SolutionProperties) = preSolution
		HideSolutionNode = FALSE
	EndGlobalSection
	GlobalSection(ExtensibilityGlobals) = postSolution
		SolutionGuid = {1BCC5536-D56B-4D09-A61D-DD91A63B1530}
	EndGlobalSection
EndGlobal
